
Microsoft Visual Studio Solution File, Format Version 12.00
# Visual Studio Version 16
VisualStudioVersion = 16.0.31112.23
MinimumVisualStudioVersion = 10.0.40219.1
Project("{2150E333-8FDC-42A3-9474-1A3956D46DE8}") = "1 - Services", "1 - Services", "{249BD792-63C9-4451-A28E-AB9C1EE5ABC8}"
EndProject
Project("{FAE04EC0-301F-11D3-BF4B-00C04F79EFBC}") = "TicketsAPI.Api", "TicketsAPI\TicketsAPI.Api\TicketsAPI.Api.csproj", "{F292C1FA-71DB-4487-818F-448A41E9B25D}"
EndProject
Project("{2150E333-8FDC-42A3-9474-1A3956D46DE8}") = "2 - Domain", "2 - Domain", "{C800989E-B4A4-4827-A60E-838A63933D8D}"
EndProject
Project("{2150E333-8FDC-42A3-9474-1A3956D46DE8}") = "2.1 - Domain", "2.1 - Domain", "{D0EC29DC-E4C0-45DE-85CA-1EFDD8CCDC4A}"
EndProject
Project("{FAE04EC0-301F-11D3-BF4B-00C04F79EFBC}") = "TicketsAPI.Domain", "TicketsAPI\TicketsAPI.Domain\TicketsAPI.Domain.csproj", "{3B02BCDB-6A97-495E-93A3-45FC8DE4999A}"
EndProject
Project("{2150E333-8FDC-42A3-9474-1A3956D46DE8}") = "2.2 - Services", "2.2 - Services", "{2DB20D5B-E517-4190-810A-5FE15D889BD7}"
EndProject
Project("{FAE04EC0-301F-11D3-BF4B-00C04F79EFBC}") = "TicketsAPI.Service", "TicketsAPI\TicketsAPI.Service\TicketsAPI.Service.csproj", "{8164E58D-B853-485B-9787-9F35B2F01F2C}"
EndProject
Project("{2150E333-8FDC-42A3-9474-1A3956D46DE8}") = "3 - Infra", "3 - Infra", "{06A008CD-8EE9-4187-84C3-EA47077C13DE}"
EndProject
Project("{2150E333-8FDC-42A3-9474-1A3956D46DE8}") = "3.1 - Data", "3.1 - Data", "{A7B91350-53C2-4830-8DB0-903698FCB923}"
EndProject
Project("{FAE04EC0-301F-11D3-BF4B-00C04F79EFBC}") = "TicketsAPI.Data", "TicketsAPI\TicketsAPI.Data\TicketsAPI.Data.csproj", "{811145E3-B371-4DCB-89FC-0F020F47F74B}"
EndProject
Project("{2150E333-8FDC-42A3-9474-1A3956D46DE8}") = "3.2 - Crosscutting", "3.2 - Crosscutting", "{DB67F2C2-D53B-4896-81D4-84AB83A4413E}"
EndProject
Project("{FAE04EC0-301F-11D3-BF4B-00C04F79EFBC}") = "TicketsAPI.IoC", "TicketsAPI\TicketsAPI.IoC\TicketsAPI.IoC.csproj", "{A3B6E1BE-A934-45E2-BE22-7D13ECE0C8BE}"
EndProject
Global
	GlobalSection(SolutionConfigurationPlatforms) = preSolution
		Debug|Any CPU = Debug|Any CPU
		Release|Any CPU = Release|Any CPU
	EndGlobalSection
	GlobalSection(ProjectConfigurationPlatforms) = postSolution
		{F292C1FA-71DB-4487-818F-448A41E9B25D}.Debug|Any CPU.ActiveCfg = Debug|Any CPU
		{F292C1FA-71DB-4487-818F-448A41E9B25D}.Debug|Any CPU.Build.0 = Debug|Any CPU
		{F292C1FA-71DB-4487-818F-448A41E9B25D}.Release|Any CPU.ActiveCfg = Release|Any CPU
		{F292C1FA-71DB-4487-818F-448A41E9B25D}.Release|Any CPU.Build.0 = Release|Any CPU
		{3B02BCDB-6A97-495E-93A3-45FC8DE4999A}.Debug|Any CPU.ActiveCfg = Debug|Any CPU
		{3B02BCDB-6A97-495E-93A3-45FC8DE4999A}.Debug|Any CPU.Build.0 = Debug|Any CPU
		{3B02BCDB-6A97-495E-93A3-45FC8DE4999A}.Release|Any CPU.ActiveCfg = Release|Any CPU
		{3B02BCDB-6A97-495E-93A3-45FC8DE4999A}.Release|Any CPU.Build.0 = Release|Any CPU
		{8164E58D-B853-485B-9787-9F35B2F01F2C}.Debug|Any CPU.ActiveCfg = Debug|Any CPU
		{8164E58D-B853-485B-9787-9F35B2F01F2C}.Debug|Any CPU.Build.0 = Debug|Any CPU
		{8164E58D-B853-485B-9787-9F35B2F01F2C}.Release|Any CPU.ActiveCfg = Release|Any CPU
		{8164E58D-B853-485B-9787-9F35B2F01F2C}.Release|Any CPU.Build.0 = Release|Any CPU
		{811145E3-B371-4DCB-89FC-0F020F47F74B}.Debug|Any CPU.ActiveCfg = Debug|Any CPU
		{811145E3-B371-4DCB-89FC-0F020F47F74B}.Debug|Any CPU.Build.0 = Debug|Any CPU
		{811145E3-B371-4DCB-89FC-0F020F47F74B}.Release|Any CPU.ActiveCfg = Release|Any CPU
		{811145E3-B371-4DCB-89FC-0F020F47F74B}.Release|Any CPU.Build.0 = Release|Any CPU
		{A3B6E1BE-A934-45E2-BE22-7D13ECE0C8BE}.Debug|Any CPU.ActiveCfg = Debug|Any CPU
		{A3B6E1BE-A934-45E2-BE22-7D13ECE0C8BE}.Debug|Any CPU.Build.0 = Debug|Any CPU
		{A3B6E1BE-A934-45E2-BE22-7D13ECE0C8BE}.Release|Any CPU.ActiveCfg = Release|Any CPU
		{A3B6E1BE-A934-45E2-BE22-7D13ECE0C8BE}.Release|Any CPU.Build.0 = Release|Any CPU
	EndGlobalSection
	GlobalSection(SolutionProperties) = preSolution
		HideSolutionNode = FALSE
	EndGlobalSection
	GlobalSection(NestedProjects) = preSolution
		{F292C1FA-71DB-4487-818F-448A41E9B25D} = {249BD792-63C9-4451-A28E-AB9C1EE5ABC8}
		{D0EC29DC-E4C0-45DE-85CA-1EFDD8CCDC4A} = {C800989E-B4A4-4827-A60E-838A63933D8D}
		{3B02BCDB-6A97-495E-93A3-45FC8DE4999A} = {D0EC29DC-E4C0-45DE-85CA-1EFDD8CCDC4A}
		{2DB20D5B-E517-4190-810A-5FE15D889BD7} = {C800989E-B4A4-4827-A60E-838A63933D8D}
		{8164E58D-B853-485B-9787-9F35B2F01F2C} = {2DB20D5B-E517-4190-810A-5FE15D889BD7}
		{A7B91350-53C2-4830-8DB0-903698FCB923} = {06A008CD-8EE9-4187-84C3-EA47077C13DE}
		{811145E3-B371-4DCB-89FC-0F020F47F74B} = {A7B91350-53C2-4830-8DB0-903698FCB923}
		{DB67F2C2-D53B-4896-81D4-84AB83A4413E} = {06A008CD-8EE9-4187-84C3-EA47077C13DE}
		{A3B6E1BE-A934-45E2-BE22-7D13ECE0C8BE} = {DB67F2C2-D53B-4896-81D4-84AB83A4413E}
	EndGlobalSection
	GlobalSection(ExtensibilityGlobals) = postSolution
		SolutionGuid = {CE406ABE-BE61-49D8-A98F-84EF37251632}
	EndGlobalSection
EndGlobal
